// !$*UTF8*$!
{
	archiveVersion = 1;
	classes = {
	};
	objectVersion = 46;
	objects = {

/* Begin PBXBuildFile section */
		22009ACA1D0F0B660050332A /* main.c in Sources */ = {isa = PBXBuildFile; fileRef = 22009AC91D0F0B660050332A /* main.c */; };
		22009AD21D0F0FD80050332A /* Config.c in Sources */ = {isa = PBXBuildFile; fileRef = 22009AD01D0F0FD80050332A /* Config.c */; };
		22872DC71D0F14A600A29B8F /* Logic.c in Sources */ = {isa = PBXBuildFile; fileRef = 22872DC51D0F14A600A29B8F /* Logic.c */; };
/* End PBXBuildFile section */

/* Begin PBXCopyFilesBuildPhase section */
		22009AC41D0F0B660050332A /* CopyFiles */ = {
			isa = PBXCopyFilesBuildPhase;
			buildActionMask = 2147483647;
			dstPath = /usr/share/man/man1/;
			dstSubfolderSpec = 0;
			files = (
			);
			runOnlyForDeploymentPostprocessing = 1;
		};
/* End PBXCopyFilesBuildPhase section */

/* Begin PBXFileReference section */
		22009AC61D0F0B660050332A /* Calculator-C */ = {isa = PBXFileReference; explicitFileType = "compiled.mach-o.executable"; includeInIndex = 0; path = "Calculator-C"; sourceTree = BUILT_PRODUCTS_DIR; };
		22009AC91D0F0B660050332A /* main.c */ = {isa = PBXFileReference; lastKnownFileType = sourcecode.c.c; path = main.c; sourceTree = "<group>"; };
		22009AD01D0F0FD80050332A /* Config.c */ = {isa = PBXFileReference; fileEncoding = 4; lastKnownFileType = sourcecode.c.c; path = Config.c; sourceTree = "<group>"; };
		22009AD11D0F0FD80050332A /* Config.h */ = {isa = PBXFileReference; fileEncoding = 4; lastKnownFileType = sourcecode.c.h; path = Config.h; sourceTree = "<group>"; };
		22872DC51D0F14A600A29B8F /* Logic.c */ = {isa = PBXFileReference; fileEncoding = 4; lastKnownFileType = sourcecode.c.c; path = Logic.c; sourceTree = "<group>"; };
		22872DC61D0F14A600A29B8F /* Logic.h */ = {isa = PBXFileReference; fileEncoding = 4; lastKnownFileType = sourcecode.c.h; path = Logic.h; sourceTree = "<group>"; };
/* End PBXFileReference section */

/* Begin PBXFrameworksBuildPhase section */
		22009AC31D0F0B660050332A /* Frameworks */ = {
			isa = PBXFrameworksBuildPhase;
			buildActionMask = 2147483647;
			files = (
			);
			runOnlyForDeploymentPostprocessing = 0;
		};
/* End PBXFrameworksBuildPhase section */

/* Begin PBXGroup section */
		22009ABD1D0F0B660050332A = {
			isa = PBXGroup;
			children = (
				22009AC81D0F0B660050332A /* Calculator-C */,
				22009AC71D0F0B660050332A /* Products */,
			);
			sourceTree = "<group>";
		};
		22009AC71D0F0B660050332A /* Products */ = {
			isa = PBXGroup;
			children = (
				22009AC61D0F0B660050332A /* Calculator-C */,
			);
			name = Products;
			sourceTree = "<group>";
		};
		22009AC81D0F0B660050332A /* Calculator-C */ = {
			isa = PBXGroup;
			children = (
				22872DC41D0F148700A29B8F /* Logic */,
				22009AD31D0F0FE20050332A /* Config */,
				22009AC91D0F0B660050332A /* main.c */,
			);
			path = "Calculator-C";
			sourceTree = "<group>";
		};
		22009AD31D0F0FE20050332A /* Config */ = {
			isa = PBXGroup;
			children = (
				22009AD11D0F0FD80050332A /* Config.h */,
				22009AD01D0F0FD80050332A /* Config.c */,
			);
			name = Config;
			sourceTree = "<group>";
		};
		22872DC41D0F148700A29B8F /* Logic */ = {
			isa = PBXGroup;
			children = (
				22872DC61D0F14A600A29B8F /* Logic.h */,
				22872DC51D0F14A600A29B8F /* Logic.c */,
			);
			name = Logic;
			sourceTree = "<group>";
		};
/* End PBXGroup section */

/* Begin PBXNativeTarget section */
		22009AC51D0F0B660050332A /* Calculator-C */ = {
			isa = PBXNativeTarget;
			buildConfigurationList = 22009ACD1D0F0B660050332A /* Build configuration list for PBXNativeTarget "Calculator-C" */;
			buildPhases = (
				22009AC21D0F0B660050332A /* Sources */,
				22009AC31D0F0B660050332A /* Frameworks */,
				22009AC41D0F0B660050332A /* CopyFiles */,
			);
			buildRules = (
			);
			dependencies = (
			);
			name = "Calculator-C";
			productName = "Calculator-C";
			productReference = 22009AC61D0F0B660050332A /* Calculator-C */;
			productType = "com.apple.product-type.tool";
		};
/* End PBXNativeTarget section */

/* Begin PBXProject section */
		22009ABE1D0F0B660050332A /* Project object */ = {
			isa = PBXProject;
			attributes = {
				LastUpgradeCheck = 0730;
				ORGANIZATIONNAME = "李立";
				TargetAttributes = {
					22009AC51D0F0B660050332A = {
						CreatedOnToolsVersion = 7.3.1;
					};
				};
			};
			buildConfigurationList = 22009AC11D0F0B660050332A /* Build configuration list for PBXProject "Calculator-C" */;
			compatibilityVersion = "Xcode 3.2";
			developmentRegion = English;
			hasScannedForEncodings = 0;
			knownRegions = (
				en,
			);
			mainGroup = 22009ABD1D0F0B660050332A;
			productRefGroup = 22009AC71D0F0B660050332A /* Products */;
			projectDirPath = "";
			projectRoot = "";
			targets = (
				22009AC51D0F0B660050332A /* Calculator-C */,
			);
		};
/* End PBXProject section */

/* Begin PBXSourcesBuildPhase section */
		22009AC21D0F0B660050332A /* Sources */ = {
			isa = PBXSourcesBuildPhase;
			buildActionMask = 2147483647;
			files = (
				22872DC71D0F14A600A29B8F /* Logic.c in Sources */,
				22009ACA1D0F0B660050332A /* main.c in Sources */,
				22009AD21D0F0FD80050332A /* Config.c in Sources */,
			);
			runOnlyForDeploymentPostprocessing = 0;
		};
/* End PBXSourcesBuildPhase section */

/* Begin XCBuildConfiguration section */
		22009ACB1D0F0B660050332A /* Debug */ = {
			isa = XCBuildConfiguration;
			buildSettings = {
				ALWAYS_SEARCH_USER_PATHS = NO;
				CLANG_ANALYZER_NONNULL = YES;
				CLANG_CXX_LANGUAGE_STANDARD = "gnu++0x";
				CLANG_CXX_LIBRARY = "libc++";
				CLANG_ENABLE_MODULES = YES;
				CLANG_ENABLE_OBJC_ARC = YES;
				CLANG_WARN_BOOL_CONVERSION = YES;
				CLANG_WARN_CONSTANT_CONVERSION = YES;
				CLANG_WARN_DIRECT_OBJC_ISA_USAGE = YES_ERROR;
				CLANG_WARN_EMPTY_BODY = YES;
				CLANG_WARN_ENUM_CONVERSION = YES;
				CLANG_WARN_INT_CONVERSION = YES;
				CLANG_WARN_OBJC_ROOT_CLASS = YES_ERROR;
				CLANG_WARN_UNREACHABLE_CODE = YES;
				CLANG_WARN__DUPLICATE_METHOD_MATCH = YES;
				CODE_SIGN_IDENTITY = "-";
				COPY_PHASE_STRIP = NO;
				DEBUG_INFORMATION_FORMAT = dwarf;
				ENABLE_STRICT_OBJC_MSGSEND = YES;
				ENABLE_TESTABILITY = YES;
				GCC_C_LANGUAGE_STANDARD = gnu99;
				GCC_DYNAMIC_NO_PIC = NO;
				GCC_NO_COMMON_BLOCKS = YES;
				GCC_OPTIMIZATION_LEVEL = 0;
				GCC_PREPROCESSOR_DEFINITIONS = (
					"DEBUG=1",
					"$(inherited)",
				);
				GCC_WARN_64_TO_32_BIT_CONVERSION = YES;
				GCC_WARN_ABOUT_RETURN_TYPE = YES_ERROR;
				GCC_WARN_UNDECLARED_SELECTOR = YES;
				GCC_WARN_UNINITIALIZED_AUTOS = YES_AGGRESSIVE;
				GCC_WARN_UNUSED_FUNCTION = YES;
				GCC_WARN_UNUSED_VARIABLE = YES;
				MACOSX_DEPLOYMENT_TARGET = 10.11;
				MTL_ENABLE_DEBUG_INFO = YES;
				ONLY_ACTIVE_ARCH = YES;
				SDKROOT = macosx;
			};
			name = Debug;
		};
		22009ACC1D0F0B660050332A /* Release */ = {
			isa = XCBuildConfiguration;
			buildSettings = {
				ALWAYS_SEARCH_USER_PATHS = NO;
				CLANG_ANALYZER_NONNULL = YES;
				CLANG_CXX_LANGUAGE_STANDARD = "gnu++0x";
				CLANG_CXX_LIBRARY = "libc++";
				CLANG_ENABLE_MODULES = YES;
				CLANG_ENABLE_OBJC_ARC = YES;
				CLANG_WARN_BOOL_CONVERSION = YES;
				CLANG_WARN_CONSTANT_CONVERSION = YES;
				CLANG_WARN_DIRECT_OBJC_ISA_USAGE = YES_ERROR;
				CLANG_WARN_EMPTY_BODY = YES;
				CLANG_WARN_ENUM_CONVERSION = YES;
				CLANG_WARN_INT_CONVERSION = YES;
				CLANG_WARN_OBJC_ROOT_CLASS = YES_ERROR;
				CLANG_WARN_UNREACHABLE_CODE = YES;
				CLANG_WARN__DUPLICATE_METHOD_MATCH = YES;
				CODE_SIGN_IDENTITY = "-";
				COPY_PHASE_STRIP = NO;
				DEBUG_INFORMATION_FORMAT = "dwarf-with-dsym";
				ENABLE_NS_ASSERTIONS = NO;
				ENABLE_STRICT_OBJC_MSGSEND = YES;
				GCC_C_LANGUAGE_STANDARD = gnu99;
				GCC_NO_COMMON_BLOCKS = YES;
				GCC_WARN_64_TO_32_BIT_CONVERSION = YES;
				GCC_WARN_ABOUT_RETURN_TYPE = YES_ERROR;
				GCC_WARN_UNDECLARED_SELECTOR = YES;
				GCC_WARN_UNINITIALIZED_AUTOS = YES_AGGRESSIVE;
				GCC_WARN_UNUSED_FUNCTION = YES;
				GCC_WARN_UNUSED_VARIABLE = YES;
				MACOSX_DEPLOYMENT_TARGET = 10.11;
				MTL_ENABLE_DEBUG_INFO = NO;
				SDKROOT = macosx;
			};
			name = Release;
		};
		22009ACE1D0F0B660050332A /* Debug */ = {
			isa = XCBuildConfiguration;
			buildSettings = {
				PRODUCT_NAME = "$(TARGET_NAME)";
			};
			name = Debug;
		};
		22009ACF1D0F0B660050332A /* Release */ = {
			isa = XCBuildConfiguration;
			buildSettings = {
				PRODUCT_NAME = "$(TARGET_NAME)";
			};
			name = Release;
		};
/* End XCBuildConfiguration section */

/* Begin XCConfigurationList section */
		22009AC11D0F0B660050332A /* Build configuration list for PBXProject "Calculator-C" */ = {
			isa = XCConfigurationList;
			buildConfigurations = (
				22009ACB1D0F0B660050332A /* Debug */,
				22009ACC1D0F0B660050332A /* Release */,
			);
			defaultConfigurationIsVisible = 0;
			defaultConfigurationName = Release;
		};
		22009ACD1D0F0B660050332A /* Build configuration list for PBXNativeTarget "Calculator-C" */ = {
			isa = XCConfigurationList;
			buildConfigurations = (
				22009ACE1D0F0B660050332A /* Debug */,
				22009ACF1D0F0B660050332A /* Release */,
			);
			defaultConfigurationIsVisible = 0;
			defaultConfigurationName = Release;
		};
/* End XCConfigurationList section */
	};
	rootObject = 22009ABE1D0F0B660050332A /* Project object */;
}
